{
  "version": "5",
  "specifiers": {
    "npm:@ai-sdk/openai@2.0.60": "2.0.60_zod@3.25.76",
    "npm:@imagemagick/magick-wasm@0.0.30": "0.0.30",
    "npm:@internationalized/date@*": "3.10.1",
    "npm:@trigger.dev/sdk@3.0.0": "3.0.0",
    "npm:@types/node@*": "24.2.0",
    "npm:ai@5.0.87": "5.0.87_zod@3.25.76",
    "npm:kysely-supabase@*": "0.2.1_kysely@0.27.6_supabase@2.72.2",
    "npm:kysely@0.27.6": "0.27.6",
    "npm:zod@^3.24.1": "3.25.76"
  },
  "npm": {
    "@ai-sdk/gateway@2.0.6_zod@3.25.76": {
      "integrity": "sha512-FmhR6Tle09I/RUda8WSPpJ57mjPWzhiVVlB50D+k+Qf/PBW0CBtnbAUxlNSR5v+NIZNLTK3C56lhb23ntEdxhQ==",
      "dependencies": [
        "@ai-sdk/provider",
        "@ai-sdk/provider-utils@3.0.16_zod@3.25.76",
        "@vercel/oidc",
        "zod@3.25.76"
      ]
    },
    "@ai-sdk/openai@2.0.60_zod@3.25.76": {
      "integrity": "sha512-h7Bg3nY4UYyBj2HDmsFzPxuBhK4ZGGkC2ssZGXOov+81DVSiRJXR4NFfsxbWW/7c6uMCP/YmZ8MiWtvsKMSCHg==",
      "dependencies": [
        "@ai-sdk/provider",
        "@ai-sdk/provider-utils@3.0.15_zod@3.25.76",
        "zod@3.25.76"
      ]
    },
    "@ai-sdk/provider-utils@3.0.15_zod@3.25.76": {
      "integrity": "sha512-kOc6Pxb7CsRlNt+sLZKL7/VGQUd7ccl3/tIK+Bqf5/QhHR0Qm3qRBMz1IwU1RmjJEZA73x+KB5cUckbDl2WF7Q==",
      "dependencies": [
        "@ai-sdk/provider",
        "@standard-schema/spec",
        "eventsource-parser",
        "zod@3.25.76"
      ]
    },
    "@ai-sdk/provider-utils@3.0.16_zod@3.25.76": {
      "integrity": "sha512-lsWQY9aDXHitw7C1QRYIbVGmgwyT98TF3MfM8alNIXKpdJdi+W782Rzd9f1RyOfgRmZ08gJ2EYNDhWNK7RqpEA==",
      "dependencies": [
        "@ai-sdk/provider",
        "@standard-schema/spec",
        "eventsource-parser",
        "zod@3.25.76"
      ]
    },
    "@ai-sdk/provider@2.0.0": {
      "integrity": "sha512-6o7Y2SeO9vFKB8lArHXehNuusnpddKPk7xqL7T2/b+OvXMRIXUO1rR4wcv1hAFUAT9avGZshty3Wlua/XA7TvA==",
      "dependencies": [
        "json-schema"
      ]
    },
    "@google-cloud/precise-date@4.0.0": {
      "integrity": "sha512-1TUx3KdaU3cN7nfCdNf+UVqA/PSX29Cjcox3fZZBtINlRrXVTmUkQnCKv2MbBUbCopbK4olAT1IHl76uZyCiVA=="
    },
    "@grpc/grpc-js@1.14.3": {
      "integrity": "sha512-Iq8QQQ/7X3Sac15oB6p0FmUg/klxQvXLeileoqrTRGJYLV+/9tubbr9ipz0GKHjmXVsgFPo/+W+2cA8eNcR+XA==",
      "dependencies": [
        "@grpc/proto-loader",
        "@js-sdsl/ordered-map"
      ]
    },
    "@grpc/proto-loader@0.8.0": {
      "integrity": "sha512-rc1hOQtjIWGxcxpb9aHAfLpIctjEnsDehj0DAiVfBlmT84uvR0uUtN2hEi/ecvWVjXUGf5qPF4qEgiLOx1YIMQ==",
      "dependencies": [
        "lodash.camelcase",
        "long",
        "protobufjs",
        "yargs"
      ],
      "bin": true
    },
    "@imagemagick/magick-wasm@0.0.30": {
      "integrity": "sha512-l5pTepsyrM9O3zMdmDHGbncP2Uf4858nylU5tw6GE7QA/Qh99aEFr4eNkEan3q1PT6mV/1Ev0gOgthuK7/kNFQ=="
    },
    "@internationalized/date@3.10.1": {
      "integrity": "sha512-oJrXtQiAXLvT9clCf1K4kxp3eKsQhIaZqxEyowkBcsvZDdZkbWrVmnGknxs5flTD0VGsxrxKgBCZty1EzoiMzA==",
      "dependencies": [
        "@swc/helpers"
      ]
    },
    "@isaacs/fs-minipass@4.0.1": {
      "integrity": "sha512-wgm9Ehl2jpeqP3zw/7mo3kRHFp5MEDhqAdwy1fTGkHAwnkGOVsgpvQhL8B5n1qlb01jV3n/bI0ZfZp5lWA1k4w==",
      "dependencies": [
        "minipass"
      ]
    },
    "@js-sdsl/ordered-map@4.4.2": {
      "integrity": "sha512-iUKgm52T8HOE/makSxjqoWhe95ZJA1/G1sYsGev2JDKUSS14KAgg1LHb+Ba+IPow0xflbnSkOsZcO08C7w1gYw=="
    },
    "@opentelemetry/api-logs@0.52.1": {
      "integrity": "sha512-qnSqB2DQ9TPP96dl8cDubDvrUyWc0/sK81xHTK8eSUspzDM3bsewX903qclQFvVhgStjRWdC5bLb3kQqMkfV5A==",
      "dependencies": [
        "@opentelemetry/api"
      ]
    },
    "@opentelemetry/api@1.9.0": {
      "integrity": "sha512-3giAOQvZiH5F9bMlMiv8+GSPMeqg0dbaeo58/0SlA9sxSqZhnUtxzX9/2FzyhS9sWQf5S0GJE0AKBrFqjpeYcg=="
    },
    "@opentelemetry/context-async-hooks@1.25.1_@opentelemetry+api@1.9.0": {
      "integrity": "sha512-UW/ge9zjvAEmRWVapOP0qyCvPulWU6cQxGxDbWEFfGOj1VBBZAuOqTo3X6yWmDTD3Xe15ysCZChHncr2xFMIfQ==",
      "dependencies": [
        "@opentelemetry/api"
      ]
    },
    "@opentelemetry/core@1.25.1_@opentelemetry+api@1.9.0": {
      "integrity": "sha512-GeT/l6rBYWVQ4XArluLVB6WWQ8flHbdb6r2FCHC3smtdOAbrJBIv35tpV/yp9bmYUJf+xmZpu9DRTIeJVhFbEQ==",
      "dependencies": [
        "@opentelemetry/api",
        "@opentelemetry/semantic-conventions"
      ]
    },
    "@opentelemetry/exporter-logs-otlp-http@0.52.1_@opentelemetry+api@1.9.0": {
      "integrity": "sha512-qKgywId2DbdowPZpOBXQKp0B8DfhfIArmSic15z13Nk/JAOccBUQdPwDjDnjsM5f0ckZFMVR2t/tijTUAqDZoA==",
      "dependencies": [
        "@opentelemetry/api",
        "@opentelemetry/api-logs",
        "@opentelemetry/core",
        "@opentelemetry/otlp-exporter-base",
        "@opentelemetry/otlp-transformer",
        "@opentelemetry/sdk-logs"
      ]
    },
    "@opentelemetry/exporter-trace-otlp-grpc@0.52.1_@opentelemetry+api@1.9.0": {
      "integrity": "sha512-pVkSH20crBwMTqB3nIN4jpQKUEoB0Z94drIHpYyEqs7UBr+I0cpYyOR3bqjA/UasQUMROb3GX8ZX4/9cVRqGBQ==",
      "dependencies": [
        "@grpc/grpc-js",
        "@opentelemetry/api",
        "@opentelemetry/core",
        "@opentelemetry/otlp-grpc-exporter-base",
        "@opentelemetry/otlp-transformer",
        "@opentelemetry/resources",
        "@opentelemetry/sdk-trace-base"
      ]
    },
    "@opentelemetry/exporter-trace-otlp-http@0.52.1_@opentelemetry+api@1.9.0": {
      "integrity": "sha512-05HcNizx0BxcFKKnS5rwOV+2GevLTVIRA0tRgWYyw4yCgR53Ic/xk83toYKts7kbzcI+dswInUg/4s8oyA+tqg==",
      "dependencies": [
        "@opentelemetry/api",
        "@opentelemetry/core",
        "@opentelemetry/otlp-exporter-base",
        "@opentelemetry/otlp-transformer",
        "@opentelemetry/resources",
        "@opentelemetry/sdk-trace-base"
      ]
    },
    "@opentelemetry/exporter-trace-otlp-proto@0.52.1_@opentelemetry+api@1.9.0": {
      "integrity": "sha512-pt6uX0noTQReHXNeEslQv7x311/F1gJzMnp1HD2qgypLRPbXDeMzzeTngRTUaUbP6hqWNtPxuLr4DEoZG+TcEQ==",
      "dependencies": [
        "@opentelemetry/api",
        "@opentelemetry/core",
        "@opentelemetry/otlp-exporter-base",
        "@opentelemetry/otlp-transformer",
        "@opentelemetry/resources",
        "@opentelemetry/sdk-trace-base"
      ]
    },
    "@opentelemetry/exporter-zipkin@1.25.1_@opentelemetry+api@1.9.0": {
      "integrity": "sha512-RmOwSvkimg7ETwJbUOPTMhJm9A9bG1U8s7Zo3ajDh4zM7eYcycQ0dM7FbLD6NXWbI2yj7UY4q8BKinKYBQksyw==",
      "dependencies": [
        "@opentelemetry/api",
        "@opentelemetry/core",
        "@opentelemetry/resources",
        "@opentelemetry/sdk-trace-base",
        "@opentelemetry/semantic-conventions"
      ]
    },
    "@opentelemetry/instrumentation@0.52.1_@opentelemetry+api@1.9.0": {
      "integrity": "sha512-uXJbYU/5/MBHjMp1FqrILLRuiJCs3Ofk0MeRDk8g1S1gD47U8X3JnSwcMO1rtRo1x1a7zKaQHaoYu49p/4eSKw==",
      "dependencies": [
        "@opentelemetry/api",
        "@opentelemetry/api-logs",
        "@types/shimmer",
        "import-in-the-middle",
        "require-in-the-middle",
        "semver",
        "shimmer"
      ]
    },
    "@opentelemetry/otlp-exporter-base@0.52.1_@opentelemetry+api@1.9.0": {
      "integrity": "sha512-z175NXOtX5ihdlshtYBe5RpGeBoTXVCKPPLiQlD6FHvpM4Ch+p2B0yWKYSrBfLH24H9zjJiBdTrtD+hLlfnXEQ==",
      "dependencies": [
        "@opentelemetry/api",
        "@opentelemetry/core",
        "@opentelemetry/otlp-transformer"
      ]
    },
    "@opentelemetry/otlp-grpc-exporter-base@0.52.1_@opentelemetry+api@1.9.0": {
      "integrity": "sha512-zo/YrSDmKMjG+vPeA9aBBrsQM9Q/f2zo6N04WMB3yNldJRsgpRBeLLwvAt/Ba7dpehDLOEFBd1i2JCoaFtpCoQ==",
      "dependencies": [
        "@grpc/grpc-js",
        "@opentelemetry/api",
        "@opentelemetry/core",
        "@opentelemetry/otlp-exporter-base",
        "@opentelemetry/otlp-transformer"
      ]
    },
    "@opentelemetry/otlp-transformer@0.52.1_@opentelemetry+api@1.9.0": {
      "integrity": "sha512-I88uCZSZZtVa0XniRqQWKbjAUm73I8tpEy/uJYPPYw5d7BRdVk0RfTBQw8kSUl01oVWEuqxLDa802222MYyWHg==",
      "dependencies": [
        "@opentelemetry/api",
        "@opentelemetry/api-logs",
        "@opentelemetry/core",
        "@opentelemetry/resources",
        "@opentelemetry/sdk-logs",
        "@opentelemetry/sdk-metrics",
        "@opentelemetry/sdk-trace-base",
        "protobufjs"
      ]
    },
    "@opentelemetry/propagator-b3@1.25.1_@opentelemetry+api@1.9.0": {
      "integrity": "sha512-p6HFscpjrv7//kE+7L+3Vn00VEDUJB0n6ZrjkTYHrJ58QZ8B3ajSJhRbCcY6guQ3PDjTbxWklyvIN2ojVbIb1A==",
      "dependencies": [
        "@opentelemetry/api",
        "@opentelemetry/core"
      ]
    },
    "@opentelemetry/propagator-jaeger@1.25.1_@opentelemetry+api@1.9.0": {
      "integrity": "sha512-nBprRf0+jlgxks78G/xq72PipVK+4or9Ypntw0gVZYNTCSK8rg5SeaGV19tV920CMqBD/9UIOiFr23Li/Q8tiA==",
      "dependencies": [
        "@opentelemetry/api",
        "@opentelemetry/core"
      ]
    },
    "@opentelemetry/resources@1.25.1_@opentelemetry+api@1.9.0": {
      "integrity": "sha512-pkZT+iFYIZsVn6+GzM0kSX+u3MSLCY9md+lIJOoKl/P+gJFfxJte/60Usdp8Ce4rOs8GduUpSPNe1ddGyDT1sQ==",
      "dependencies": [
        "@opentelemetry/api",
        "@opentelemetry/core",
        "@opentelemetry/semantic-conventions"
      ]
    },
    "@opentelemetry/sdk-logs@0.52.1_@opentelemetry+api@1.9.0": {
      "integrity": "sha512-MBYh+WcPPsN8YpRHRmK1Hsca9pVlyyKd4BxOC4SsgHACnl/bPp4Cri9hWhVm5+2tiQ9Zf4qSc1Jshw9tOLGWQA==",
      "dependencies": [
        "@opentelemetry/api",
        "@opentelemetry/api-logs",
        "@opentelemetry/core",
        "@opentelemetry/resources"
      ]
    },
    "@opentelemetry/sdk-metrics@1.25.1_@opentelemetry+api@1.9.0": {
      "integrity": "sha512-9Mb7q5ioFL4E4dDrc4wC/A3NTHDat44v4I3p2pLPSxRvqUbDIQyMVr9uK+EU69+HWhlET1VaSrRzwdckWqY15Q==",
      "dependencies": [
        "@opentelemetry/api",
        "@opentelemetry/core",
        "@opentelemetry/resources",
        "lodash.merge"
      ]
    },
    "@opentelemetry/sdk-node@0.52.1_@opentelemetry+api@1.9.0": {
      "integrity": "sha512-uEG+gtEr6eKd8CVWeKMhH2olcCHM9dEK68pe0qE0be32BcCRsvYURhHaD1Srngh1SQcnQzZ4TP324euxqtBOJA==",
      "dependencies": [
        "@opentelemetry/api",
        "@opentelemetry/api-logs",
        "@opentelemetry/core",
        "@opentelemetry/exporter-trace-otlp-grpc",
        "@opentelemetry/exporter-trace-otlp-http",
        "@opentelemetry/exporter-trace-otlp-proto",
        "@opentelemetry/exporter-zipkin",
        "@opentelemetry/instrumentation",
        "@opentelemetry/resources",
        "@opentelemetry/sdk-logs",
        "@opentelemetry/sdk-metrics",
        "@opentelemetry/sdk-trace-base",
        "@opentelemetry/sdk-trace-node",
        "@opentelemetry/semantic-conventions"
      ]
    },
    "@opentelemetry/sdk-trace-base@1.25.1_@opentelemetry+api@1.9.0": {
      "integrity": "sha512-C8k4hnEbc5FamuZQ92nTOp8X/diCY56XUTnMiv9UTuJitCzaNNHAVsdm5+HLCdI8SLQsLWIrG38tddMxLVoftw==",
      "dependencies": [
        "@opentelemetry/api",
        "@opentelemetry/core",
        "@opentelemetry/resources",
        "@opentelemetry/semantic-conventions"
      ]
    },
    "@opentelemetry/sdk-trace-node@1.25.1_@opentelemetry+api@1.9.0": {
      "integrity": "sha512-nMcjFIKxnFqoez4gUmihdBrbpsEnAX/Xj16sGvZm+guceYE0NE00vLhpDVK6f3q8Q4VFI5xG8JjlXKMB/SkTTQ==",
      "dependencies": [
        "@opentelemetry/api",
        "@opentelemetry/context-async-hooks",
        "@opentelemetry/core",
        "@opentelemetry/propagator-b3",
        "@opentelemetry/propagator-jaeger",
        "@opentelemetry/sdk-trace-base",
        "semver"
      ]
    },
    "@opentelemetry/semantic-conventions@1.25.1": {
      "integrity": "sha512-ZDjMJJQRlyk8A1KZFCc+bCbsyrn1wTwdNt56F7twdfUfnHUZUq77/WfONCj8p72NZOyP7pNTdUWSTYC3GTbuuQ=="
    },
    "@protobufjs/aspromise@1.1.2": {
      "integrity": "sha512-j+gKExEuLmKwvz3OgROXtrJ2UG2x8Ch2YZUxahh+s1F2HZ+wAceUNLkvy6zKCPVRkU++ZWQrdxsUeQXmcg4uoQ=="
    },
    "@protobufjs/base64@1.1.2": {
      "integrity": "sha512-AZkcAA5vnN/v4PDqKyMR5lx7hZttPDgClv83E//FMNhR2TMcLUhfRUBHCmSl0oi9zMgDDqRUJkSxO3wm85+XLg=="
    },
    "@protobufjs/codegen@2.0.4": {
      "integrity": "sha512-YyFaikqM5sH0ziFZCN3xDC7zeGaB/d0IUb9CATugHWbd1FRFwWwt4ld4OYMPWu5a3Xe01mGAULCdqhMlPl29Jg=="
    },
    "@protobufjs/eventemitter@1.1.0": {
      "integrity": "sha512-j9ednRT81vYJ9OfVuXG6ERSTdEL1xVsNgqpkxMsbIabzSo3goCjDIveeGv5d03om39ML71RdmrGNjG5SReBP/Q=="
    },
    "@protobufjs/fetch@1.1.0": {
      "integrity": "sha512-lljVXpqXebpsijW71PZaCYeIcE5on1w5DlQy5WH6GLbFryLUrBD4932W/E2BSpfRJWseIL4v/KPgBFxDOIdKpQ==",
      "dependencies": [
        "@protobufjs/aspromise",
        "@protobufjs/inquire"
      ]
    },
    "@protobufjs/float@1.0.2": {
      "integrity": "sha512-Ddb+kVXlXst9d+R9PfTIxh1EdNkgoRe5tOX6t01f1lYWOvJnSPDBlG241QLzcyPdoNTsblLUdujGSE4RzrTZGQ=="
    },
    "@protobufjs/inquire@1.1.0": {
      "integrity": "sha512-kdSefcPdruJiFMVSbn801t4vFK7KB/5gd2fYvrxhuJYg8ILrmn9SKSX2tZdV6V+ksulWqS7aXjBcRXl3wHoD9Q=="
    },
    "@protobufjs/path@1.1.2": {
      "integrity": "sha512-6JOcJ5Tm08dOHAbdR3GrvP+yUUfkjG5ePsHYczMFLq3ZmMkAD98cDgcT2iA1lJ9NVwFd4tH/iSSoe44YWkltEA=="
    },
    "@protobufjs/pool@1.1.0": {
      "integrity": "sha512-0kELaGSIDBKvcgS4zkjz1PeddatrjYcmMWOlAuAPwAeccUrPHdUqo/J6LiymHHEiJT5NrF1UVwxY14f+fy4WQw=="
    },
    "@protobufjs/utf8@1.1.0": {
      "integrity": "sha512-Vvn3zZrhQZkkBE8LSuW3em98c0FwgO4nxzv6OdSxPKJIEKY2bGbHn+mhGIPerzI4twdxaP8/0+06HBpwf345Lw=="
    },
    "@socket.io/component-emitter@3.1.2": {
      "integrity": "sha512-9BCxFwvbGg/RsZK9tjXd8s4UcwR0MWeFQ1XEKIQVVvAGJyINdrqKMcTRyLoK8Rse1GjzLV9cwjWV1olXRWEXVA=="
    },
    "@standard-schema/spec@1.1.0": {
      "integrity": "sha512-l2aFy5jALhniG5HgqrD6jXLi/rUWrKvqN/qJx6yoJsgKhblVd+iqqU4RCXavm/jPityDo5TCvKMnpjKnOriy0w=="
    },
    "@swc/helpers@0.5.18": {
      "integrity": "sha512-TXTnIcNJQEKwThMMqBXsZ4VGAza6bvN4pa41Rkqoio6QBKMvo+5lexeTMScGCIxtzgQJzElcvIltani+adC5PQ==",
      "dependencies": [
        "tslib"
      ]
    },
    "@trigger.dev/core@3.0.0_@opentelemetry+api@1.9.0_zod@3.22.3": {
      "integrity": "sha512-syEVgTRqRzhVGECRQOqwhwGTdqBt5sjO3/HwrKNZCA0QhSjZ+AOqGWG6b50zwlisNx9GF97qA2UaIoLFhCA3zQ==",
      "dependencies": [
        "@google-cloud/precise-date",
        "@opentelemetry/api",
        "@opentelemetry/api-logs",
        "@opentelemetry/exporter-logs-otlp-http",
        "@opentelemetry/exporter-trace-otlp-http",
        "@opentelemetry/instrumentation",
        "@opentelemetry/resources",
        "@opentelemetry/sdk-logs",
        "@opentelemetry/sdk-node",
        "@opentelemetry/sdk-trace-base",
        "@opentelemetry/sdk-trace-node",
        "@opentelemetry/semantic-conventions",
        "execa",
        "humanize-duration",
        "socket.io-client",
        "superjson",
        "zod@3.22.3",
        "zod-error",
        "zod-validation-error"
      ]
    },
    "@trigger.dev/sdk@3.0.0": {
      "integrity": "sha512-ioYQnfvqhsmTqPpSdRHXRENc3p19KEdyYbZrMNJ8kK67bBG1YOafPwcrqilQLQ1f2qjJu52hBRzvASkFF5Fifg==",
      "dependencies": [
        "@opentelemetry/api",
        "@opentelemetry/api-logs",
        "@opentelemetry/semantic-conventions",
        "@trigger.dev/core",
        "chalk",
        "cronstrue",
        "debug@4.4.3",
        "evt",
        "slug",
        "terminal-link",
        "ulid",
        "uuid",
        "ws@8.19.0",
        "zod@3.22.3"
      ]
    },
    "@types/node@24.2.0": {
      "integrity": "sha512-3xyG3pMCq3oYCNg7/ZP+E1ooTaGB4cG8JWRsqqOYQdbWNY4zbaV0Ennrd7stjiJEFZCaybcIgpTjJWHRfBSIDw==",
      "dependencies": [
        "undici-types"
      ]
    },
    "@types/shimmer@1.2.0": {
      "integrity": "sha512-UE7oxhQLLd9gub6JKIAhDq06T0F6FnztwMNRvYgjeQSBeMc1ZG/tA47EwfduvkuQS8apbkM/lpLpWsaCeYsXVg=="
    },
    "@vercel/oidc@3.0.3": {
      "integrity": "sha512-yNEQvPcVrK9sIe637+I0jD6leluPxzwJKx/Haw6F4H77CdDsszUn5V3o96LPziXkSNE2B83+Z3mjqGKBK/R6Gg=="
    },
    "acorn-import-attributes@1.9.5_acorn@8.15.0": {
      "integrity": "sha512-n02Vykv5uA3eHGM/Z2dQrcD56kL8TyDb2p1+0P83PClMnC/nc+anbQRhIOWnSq4Ke/KvDPrY3C9hDtC/A3eHnQ==",
      "dependencies": [
        "acorn"
      ]
    },
    "acorn@8.15.0": {
      "integrity": "sha512-NZyJarBfL7nWwIq+FDL6Zp/yHEhePMNnnJ0y3qfieCrmNvYct8uvtiV41UvlSe6apAfk0fY1FbWx+NwfmpvtTg==",
      "bin": true
    },
    "agent-base@7.1.4": {
      "integrity": "sha512-MnA+YT8fwfJPgBx3m60MNqakm30XOkyIoH1y6huTQvC0PwZG7ki8NacLBcrPbNoo8vEZy7Jpuk7+jMO+CUovTQ=="
    },
    "ai@5.0.87_zod@3.25.76": {
      "integrity": "sha512-9Cjx7o8IY9zAczigX0Tk/BaQwjPe/M6DpEjejKSBNrf8mOPIvyM+pJLqJSC10IsKci3FPsnaizJeJhoetU1Wfw==",
      "dependencies": [
        "@ai-sdk/gateway",
        "@ai-sdk/provider",
        "@ai-sdk/provider-utils@3.0.16_zod@3.25.76",
        "@opentelemetry/api",
        "zod@3.25.76"
      ]
    },
    "ansi-escapes@5.0.0": {
      "integrity": "sha512-5GFMVX8HqE/TB+FuBJGuO5XG0WrsA6ptUqoODaT/n9mmUaZFkqnBueB4leqGBCmrUHnCnC4PCZTCd0E7QQ83bA==",
      "dependencies": [
        "type-fest"
      ]
    },
    "ansi-regex@5.0.1": {
      "integrity": "sha512-quJQXlTSUGL2LH9SUXo8VwsY4soanhgo6LNSm84E1LBcE8s3O0wpdiRzyR9z/ZZJMlMWv37qOOb9pdJlMUEKFQ=="
    },
    "ansi-styles@4.3.0": {
      "integrity": "sha512-zbB9rCJAT1rbjiVDb2hqKFHNYLxgtk8NURxZ3IZwD3F6NtxbXZQCnnSi1Lkx+IDohdPlFp222wVALIheZJQSEg==",
      "dependencies": [
        "color-convert"
      ]
    },
    "bin-links@6.0.0": {
      "integrity": "sha512-X4CiKlcV2GjnCMwnKAfbVWpHa++65th9TuzAEYtZoATiOE2DQKhSp4CJlyLoTqdhBKlXjpXjCTYPNNFS33Fi6w==",
      "dependencies": [
        "cmd-shim",
        "npm-normalize-package-bin",
        "proc-log",
        "read-cmd-shim",
        "write-file-atomic"
      ]
    },
    "chalk@5.6.2": {
      "integrity": "sha512-7NzBL0rN6fMUW+f7A6Io4h40qQlG+xGmtMxfbnH/K7TAtt8JQWVQK+6g0UXKMeVJoyV5EkkNsErQ8pVD3bLHbA=="
    },
    "chownr@3.0.0": {
      "integrity": "sha512-+IxzY9BZOQd/XuYPRmrvEVjF/nqj5kgT4kEq7VofrDoM1MxoRjEWkrCC3EtLi59TVawxTAn+orJwFQcrqEN1+g=="
    },
    "cjs-module-lexer@1.4.3": {
      "integrity": "sha512-9z8TZaGM1pfswYeXrUpzPrkx8UnWYdhJclsiYMm6x/w5+nN+8Tf/LnAgfLGQCm59qAOxU8WwHEq2vNwF6i4j+Q=="
    },
    "cliui@8.0.1": {
      "integrity": "sha512-BSeNnyus75C4//NQ9gQt1/csTXyo/8Sb+afLAkzAptFuMsod9HFokGNudZpi/oQV73hnVK+sR+5PVRMd+Dr7YQ==",
      "dependencies": [
        "string-width",
        "strip-ansi",
        "wrap-ansi"
      ]
    },
    "cmd-shim@8.0.0": {
      "integrity": "sha512-Jk/BK6NCapZ58BKUxlSI+ouKRbjH1NLZCgJkYoab+vEHUY3f6OzpNBN9u7HFSv9J6TRDGs4PLOHezoKGaFRSCA=="
    },
    "color-convert@2.0.1": {
      "integrity": "sha512-RRECPsj7iu/xb5oKYcsFHSppFNnsj/52OVTRKb4zP5onXwVF3zVmmToNcOfGC+CRDpfK/U584fMg38ZHCaElKQ==",
      "dependencies": [
        "color-name"
      ]
    },
    "color-name@1.1.4": {
      "integrity": "sha512-dOy+3AuW3a2wNbZHIuMZpTcgjGuLU/uBL/ubcZF9OXbDo8ff4O8yVp5Bf0efS8uEoYo5q4Fx7dY9OgQGXgAsQA=="
    },
    "copy-anything@4.0.5": {
      "integrity": "sha512-7Vv6asjS4gMOuILabD3l739tsaxFQmC+a7pLZm02zyvs8p977bL3zEgq3yDk5rn9B0PbYgIv++jmHcuUab4RhA==",
      "dependencies": [
        "is-what"
      ]
    },
    "cronstrue@2.61.0": {
      "integrity": "sha512-ootN5bvXbIQI9rW94+QsXN5eROtXWwew6NkdGxIRpS/UFWRggL0G5Al7a9GTBFEsuvVhJ2K3CntIIVt7L2ILhA==",
      "deprecated": true,
      "bin": true
    },
    "cross-spawn@7.0.6": {
      "integrity": "sha512-uV2QOWP2nWzsy2aMp8aRibhi9dlzF5Hgh5SHaB9OiTGEyDTiJJyx0uy51QXdyWbtAHNua4XJzUKca3OzKUd3vA==",
      "dependencies": [
        "path-key@3.1.1",
        "shebang-command",
        "which"
      ]
    },
    "data-uri-to-buffer@4.0.1": {
      "integrity": "sha512-0R9ikRb668HB7QDxT1vkpuUBtqc53YyAwMwGeUFKRojY/NWKvdZ+9UYtRfGmhqNbRkTSVpMbmyhXipFFv2cb/A=="
    },
    "debug@4.3.7": {
      "integrity": "sha512-Er2nc/H7RrMXZBFCEim6TCmMk02Z8vLC2Rbi1KEBggpo0fS6l0S1nnapwmIi3yW/+GOJap1Krg4w0Hg80oCqgQ==",
      "dependencies": [
        "ms"
      ]
    },
    "debug@4.4.3": {
      "integrity": "sha512-RGwwWnwQvkVfavKVt22FGLw+xYSdzARwm0ru6DhTVA3umU5hZc28V3kO4stgYryrTlLpuvgI9GiijltAjNbcqA==",
      "dependencies": [
        "ms"
      ]
    },
    "emoji-regex@8.0.0": {
      "integrity": "sha512-MSjYzcWNOA0ewAHpz0MxpYFvwg6yjy1NG3xteoqz644VCo/RPgnr1/GGt+ic3iJTzQ8Eu3TdM14SawnVUmGE6A=="
    },
    "engine.io-client@6.5.4": {
      "integrity": "sha512-GeZeeRjpD2qf49cZQ0Wvh/8NJNfeXkXXcoGh+F77oEAgo9gUHwT1fCRxSNU+YEEaysOJTnsFHmM5oAcPy4ntvQ==",
      "dependencies": [
        "@socket.io/component-emitter",
        "debug@4.3.7",
        "engine.io-parser",
        "ws@8.17.1",
        "xmlhttprequest-ssl"
      ]
    },
    "engine.io-parser@5.2.3": {
      "integrity": "sha512-HqD3yTBfnBxIrbnM1DoD6Pcq8NECnh8d4As1Qgh0z5Gg3jRRIqijury0CL3ghu/edArpUYiYqQiDUQBIs4np3Q=="
    },
    "escalade@3.2.0": {
      "integrity": "sha512-WUj2qlxaQtO4g6Pq5c29GTcWGDyd8itL8zTlipgECz3JesAiiOKotd8JU6otB3PACgG6xkJUyVhboMS+bje/jA=="
    },
    "eventsource-parser@3.0.6": {
      "integrity": "sha512-Vo1ab+QXPzZ4tCa8SwIHJFaSzy4R6SHf7BY79rFBDf0idraZWAkYrDjDj8uWaSm3S2TK+hJ7/t1CEmZ7jXw+pg=="
    },
    "evt@2.5.9": {
      "integrity": "sha512-GpjX476FSlttEGWHT8BdVMoI8wGXQGbEOtKcP4E+kggg+yJzXBZN2n4x7TS/zPBJ1DZqWI+rguZZApjjzQ0HpA==",
      "dependencies": [
        "minimal-polyfills",
        "run-exclusive",
        "tsafe"
      ]
    },
    "execa@8.0.1": {
      "integrity": "sha512-VyhnebXciFV2DESc+p6B+y0LjSm0krU4OgJN44qFAhBY0TJ+1V61tYD2+wHusZ6F9n5K+vl8k0sTy7PEfV4qpg==",
      "dependencies": [
        "cross-spawn",
        "get-stream",
        "human-signals",
        "is-stream",
        "merge-stream",
        "npm-run-path",
        "onetime",
        "signal-exit",
        "strip-final-newline"
      ]
    },
    "fetch-blob@3.2.0": {
      "integrity": "sha512-7yAQpD2UMJzLi1Dqv7qFYnPbaPx7ZfFK6PiIxQ4PfkGPyNyl2Ugx+a/umUonmKqjhM4DnfbMvdX6otXq83soQQ==",
      "dependencies": [
        "node-domexception",
        "web-streams-polyfill"
      ]
    },
    "formdata-polyfill@4.0.10": {
      "integrity": "sha512-buewHzMvYL29jdeQTVILecSaZKnt/RJWjoZCF5OW60Z67/GmSLBkOFM7qh1PI3zFNtJbaZL5eQu1vLfazOwj4g==",
      "dependencies": [
        "fetch-blob"
      ]
    },
    "function-bind@1.1.2": {
      "integrity": "sha512-7XHNxH7qX9xG5mIwxkhumTox/MIRNcOgDrxWsMt2pAr23WHp6MrRlN7FBSFpCpr+oVO0F744iUgR82nJMfG2SA=="
    },
    "get-caller-file@2.0.5": {
      "integrity": "sha512-DyFP3BM/3YHTQOCUL/w0OZHR0lpKeGrxotcHWcqNEdnltqFwXVfhEBQ94eIo34AfQpo0rGki4cyIiftY06h2Fg=="
    },
    "get-stream@8.0.1": {
      "integrity": "sha512-VaUJspBffn/LMCJVoMvSAdmscJyS1auj5Zulnn5UoYcY531UWmdwhRWkcGKnGU93m5HSXP9LP2usOryrBtQowA=="
    },
    "has-flag@4.0.0": {
      "integrity": "sha512-EykJT/Q1KjTWctppgIAgfSO0tKVuZUjhgMr17kqTumMl6Afv3EISleU7qZUzoXDFTAHTDC4NOoG/ZxU3EvlMPQ=="
    },
    "hasown@2.0.2": {
      "integrity": "sha512-0hJU9SCPvmMzIBdZFqNPXWa6dqh7WdH0cII9y+CyS8rG3nL48Bclra9HmKhVVUHyPWNH5Y7xDwAB7bfgSjkUMQ==",
      "dependencies": [
        "function-bind"
      ]
    },
    "https-proxy-agent@7.0.6": {
      "integrity": "sha512-vK9P5/iUfdl95AI+JVyUuIcVtd4ofvtrOr3HNtM2yxC9bnMbEdp3x01OhQNnjb8IJYi38VlTE3mBXwcfvywuSw==",
      "dependencies": [
        "agent-base",
        "debug@4.4.3"
      ]
    },
    "human-signals@5.0.0": {
      "integrity": "sha512-AXcZb6vzzrFAUE61HnN4mpLqd/cSIwNQjtNWR0euPm6y0iqx3G4gOXaIDdtdDwZmhwe82LA6+zinmW4UBWVePQ=="
    },
    "humanize-duration@3.33.2": {
      "integrity": "sha512-K7Ny/ULO1hDm2nnhvAY+SJV1skxFb61fd073SG1IWJl+D44ULrruCuTyjHKjBVVcSuTlnY99DKtgEG39CM5QOQ=="
    },
    "import-in-the-middle@1.15.0_acorn@8.15.0": {
      "integrity": "sha512-bpQy+CrsRmYmoPMAE/0G33iwRqwW4ouqdRg8jgbH3aKuCtOc8lxgmYXg2dMM92CRiGP660EtBcymH/eVUpCSaA==",
      "dependencies": [
        "acorn",
        "acorn-import-attributes",
        "cjs-module-lexer",
        "module-details-from-path"
      ]
    },
    "imurmurhash@0.1.4": {
      "integrity": "sha512-JmXMZ6wuvDmLiHEml9ykzqO6lwFbof0GG4IkcGaENdCRDDmMVnny7s5HsIgHCbaq0w2MyPhDqkhTUgS2LU2PHA=="
    },
    "is-core-module@2.16.1": {
      "integrity": "sha512-UfoeMA6fIJ8wTYFEUjelnaGI67v6+N7qXJEvQuIGa99l4xsCruSYOVSQ0uPANn4dAzm8lkYPaKLrrijLq7x23w==",
      "dependencies": [
        "hasown"
      ]
    },
    "is-fullwidth-code-point@3.0.0": {
      "integrity": "sha512-zymm5+u+sCsSWyD9qNaejV3DFvhCKclKdizYaJUuHA83RLjb7nSuGnddCHGv0hk+KY7BMAlsWeK4Ueg6EV6XQg=="
    },
    "is-stream@3.0.0": {
      "integrity": "sha512-LnQR4bZ9IADDRSkvpqMGvt/tEJWclzklNgSw48V5EAaAeDd6qGvN8ei6k5p0tvxSR171VmGyHuTiAOfxAbr8kA=="
    },
    "is-what@5.5.0": {
      "integrity": "sha512-oG7cgbmg5kLYae2N5IVd3jm2s+vldjxJzK1pcu9LfpGuQ93MQSzo0okvRna+7y5ifrD+20FE8FvjusyGaz14fw=="
    },
    "isexe@2.0.0": {
      "integrity": "sha512-RHxMLp9lnKHGHRng9QFhRCMbYAcVpn69smSGcq3f36xjgVVWThj4qqLbTLlq7Ssj8B+fIQ1EuCEGI2lKsyQeIw=="
    },
    "json-schema@0.4.0": {
      "integrity": "sha512-es94M3nTIfsEPisRafak+HDLfHXnKBhV3vU5eqPcS3flIWqcxJWgXHXiey3YrpaNsanY5ei1VoYEbOzijuq9BA=="
    },
    "kysely-supabase@0.2.1_kysely@0.27.6_supabase@2.72.2": {
      "integrity": "sha512-3oL6pLXACy4QfoidvwIBc+g+01fAx46sQGlIaEl4cScMskuIC/GbEDjzsSwPHzfw80XX0gYZ9eytXikfzV5oew==",
      "dependencies": [
        "kysely",
        "supabase"
      ]
    },
    "kysely@0.27.6": {
      "integrity": "sha512-FIyV/64EkKhJmjgC0g2hygpBv5RNWVPyNCqSAD7eTCv6eFWNIi4PN1UvdSJGicN/o35bnevgis4Y0UDC0qi8jQ=="
    },
    "lodash.camelcase@4.3.0": {
      "integrity": "sha512-TwuEnCnxbc3rAvhf/LbG7tJUDzhqXyFnv3dtzLOPgCG/hODL7WFnsbwktkD7yUV0RrreP/l1PALq/YSg6VvjlA=="
    },
    "lodash.merge@4.6.2": {
      "integrity": "sha512-0KpjqXRVvrYyCsX1swR/XTK0va6VQkQM6MNo7PqW77ByjAhoARA8EfrP1N4+KlKj8YS0ZUCtRT/YUuhyYDujIQ=="
    },
    "long@5.3.2": {
      "integrity": "sha512-mNAgZ1GmyNhD7AuqnTG3/VQ26o760+ZYBPKjPvugO8+nLbYfX6TVpJPseBvopbdY+qpZ/lKUnmEc1LeZYS3QAA=="
    },
    "merge-stream@2.0.0": {
      "integrity": "sha512-abv/qOcuPfk3URPfDzmZU1LKmuw8kT+0nIHvKrKgFrwifol/doWcdA4ZqsWQ8ENrFKkd67Mfpo/LovbIUsbt3w=="
    },
    "mimic-fn@4.0.0": {
      "integrity": "sha512-vqiC06CuhBTUdZH+RYl8sFrL096vA45Ok5ISO6sE/Mr1jRbGH4Csnhi8f3wKVl7x8mO4Au7Ir9D3Oyv1VYMFJw=="
    },
    "minimal-polyfills@2.2.3": {
      "integrity": "sha512-oxdmJ9cL+xV72h0xYxp4tP2d5/fTBpP45H8DIOn9pASuF8a3IYTf+25fMGDYGiWW+MFsuog6KD6nfmhZJQ+uUw=="
    },
    "minipass@7.1.2": {
      "integrity": "sha512-qOOzS1cBTWYF4BH8fVePDBOO9iptMnGUEZwNc/cMWnTV2nVLZ7VoNWEPHkYczZA0pdoA7dl6e7FL659nX9S2aw=="
    },
    "minizlib@3.1.0": {
      "integrity": "sha512-KZxYo1BUkWD2TVFLr0MQoM8vUUigWD3LlD83a/75BqC+4qE0Hb1Vo5v1FgcfaNXvfXzr+5EhQ6ing/CaBijTlw==",
      "dependencies": [
        "minipass"
      ]
    },
    "module-details-from-path@1.0.4": {
      "integrity": "sha512-EGWKgxALGMgzvxYF1UyGTy0HXX/2vHLkw6+NvDKW2jypWbHpjQuj4UMcqQWXHERJhVGKikolT06G3bcKe4fi7w=="
    },
    "ms@2.1.3": {
      "integrity": "sha512-6FlzubTLZG3J2a/NVCAleEhjzq5oxgHyaCU9yYXvcLsvoVaHJq/s5xXI6/XXP6tz7R9xAOtHnSO/tXtF3WRTlA=="
    },
    "node-domexception@1.0.0": {
      "integrity": "sha512-/jKZoMpw0F8GRwl4/eLROPA3cfcXtLApP0QzLmUT/HuPCZWyB7IY9ZrMeKw2O/nFIqPQB3PVM9aYm0F312AXDQ==",
      "deprecated": true
    },
    "node-fetch@3.3.2": {
      "integrity": "sha512-dRB78srN/l6gqWulah9SrxeYnxeddIG30+GOqK/9OlLVyLg3HPnr6SqOWTWOXKRwC2eGYCkZ59NNuSgvSrpgOA==",
      "dependencies": [
        "data-uri-to-buffer",
        "fetch-blob",
        "formdata-polyfill"
      ]
    },
    "npm-normalize-package-bin@5.0.0": {
      "integrity": "sha512-CJi3OS4JLsNMmr2u07OJlhcrPxCeOeP/4xq67aWNai6TNWWbTrlNDgl8NcFKVlcBKp18GPj+EzbNIgrBfZhsag=="
    },
    "npm-run-path@5.3.0": {
      "integrity": "sha512-ppwTtiJZq0O/ai0z7yfudtBpWIoxM8yE6nHi1X47eFR2EWORqfbu6CnPlNsjeN683eT0qG6H/Pyf9fCcvjnnnQ==",
      "dependencies": [
        "path-key@4.0.0"
      ]
    },
    "onetime@6.0.0": {
      "integrity": "sha512-1FlR+gjXK7X+AsAHso35MnyN5KqGwJRi/31ft6x0M194ht7S+rWAvd7PHss9xSKMzE0asv1pyIHaJYq+BbacAQ==",
      "dependencies": [
        "mimic-fn"
      ]
    },
    "path-key@3.1.1": {
      "integrity": "sha512-ojmeN0qd+y0jszEtoY48r0Peq5dwMEkIlCOu6Q5f41lfkswXuKtYrhgoTpLnyIcHm24Uhqx+5Tqm2InSwLhE6Q=="
    },
    "path-key@4.0.0": {
      "integrity": "sha512-haREypq7xkM7ErfgIyA0z+Bj4AGKlMSdlQE2jvJo6huWD1EdkKYV+G/T4nq0YEF2vgTT8kqMFKo1uHn950r4SQ=="
    },
    "path-parse@1.0.7": {
      "integrity": "sha512-LDJzPVEEEPR+y48z93A0Ed0yXb8pAByGWo/k5YYdYgpY2/2EsOsksJrq7lOHxryrVOn1ejG6oAp8ahvOIQD8sw=="
    },
    "proc-log@6.1.0": {
      "integrity": "sha512-iG+GYldRf2BQ0UDUAd6JQ/RwzaQy6mXmsk/IzlYyal4A4SNFw54MeH4/tLkF4I5WoWG9SQwuqWzS99jaFQHBuQ=="
    },
    "protobufjs@7.5.4": {
      "integrity": "sha512-CvexbZtbov6jW2eXAvLukXjXUW1TzFaivC46BpWc/3BpcCysb5Vffu+B3XHMm8lVEuy2Mm4XGex8hBSg1yapPg==",
      "dependencies": [
        "@protobufjs/aspromise",
        "@protobufjs/base64",
        "@protobufjs/codegen",
        "@protobufjs/eventemitter",
        "@protobufjs/fetch",
        "@protobufjs/float",
        "@protobufjs/inquire",
        "@protobufjs/path",
        "@protobufjs/pool",
        "@protobufjs/utf8",
        "@types/node",
        "long"
      ],
      "scripts": true
    },
    "read-cmd-shim@6.0.0": {
      "integrity": "sha512-1zM5HuOfagXCBWMN83fuFI/x+T/UhZ7k+KIzhrHXcQoeX5+7gmaDYjELQHmmzIodumBHeByBJT4QYS7ufAgs7A=="
    },
    "require-directory@2.1.1": {
      "integrity": "sha512-fGxEI7+wsG9xrvdjsrlmL22OMTTiHRwAMroiEeMgq8gzoLC/PQr7RsRDSTLUg/bZAZtF+TVIkHc6/4RIKrui+Q=="
    },
    "require-in-the-middle@7.5.2": {
      "integrity": "sha512-gAZ+kLqBdHarXB64XpAe2VCjB7rIRv+mU8tfRWziHRJ5umKsIHN2tLLv6EtMw7WCdP19S0ERVMldNvxYCHnhSQ==",
      "dependencies": [
        "debug@4.4.3",
        "module-details-from-path",
        "resolve"
      ]
    },
    "resolve@1.22.11": {
      "integrity": "sha512-RfqAvLnMl313r7c9oclB1HhUEAezcpLjz95wFH4LVuhk9JF/r22qmVP9AMmOU4vMX7Q8pN8jwNg/CSpdFnMjTQ==",
      "dependencies": [
        "is-core-module",
        "path-parse",
        "supports-preserve-symlinks-flag"
      ],
      "bin": true
    },
    "run-exclusive@2.2.19": {
      "integrity": "sha512-K3mdoAi7tjJ/qT7Flj90L7QyPozwUaAG+CVhkdDje4HLKXUYC3N/Jzkau3flHVDLQVhiHBtcimVodMjN9egYbA==",
      "dependencies": [
        "minimal-polyfills"
      ]
    },
    "semver@7.7.3": {
      "integrity": "sha512-SdsKMrI9TdgjdweUSR9MweHA4EJ8YxHn8DFaDisvhVlUOe4BF1tLD7GAj0lIqWVl+dPb/rExr0Btby5loQm20Q==",
      "bin": true
    },
    "shebang-command@2.0.0": {
      "integrity": "sha512-kHxr2zZpYtdmrN1qDjrrX/Z1rR1kG8Dx+gkpK1G4eXmvXswmcE1hTWBWYUzlraYw1/yZp6YuDY77YtvbN0dmDA==",
      "dependencies": [
        "shebang-regex"
      ]
    },
    "shebang-regex@3.0.0": {
      "integrity": "sha512-7++dFhtcx3353uBaq8DDR4NuxBetBzC7ZQOhmTQInHEd6bSrXdiEyzCvG07Z44UYdLShWUyXt5M/yhz8ekcb1A=="
    },
    "shimmer@1.2.1": {
      "integrity": "sha512-sQTKC1Re/rM6XyFM6fIAGHRPVGvyXfgzIDvzoq608vM+jeyVD0Tu1E6Np0Kc2zAIFWIj963V2800iF/9LPieQw=="
    },
    "signal-exit@4.1.0": {
      "integrity": "sha512-bzyZ1e88w9O1iNJbKnOlvYTrWPDl46O1bG0D3XInv+9tkPrxrN8jUUTiFlDkkmKWgn1M6CfIA13SuGqOa9Korw=="
    },
    "slug@6.1.0": {
      "integrity": "sha512-x6vLHCMasg4DR2LPiyFGI0gJJhywY6DTiGhCrOMzb3SOk/0JVLIaL4UhyFSHu04SD3uAavrKY/K3zZ3i6iRcgA=="
    },
    "socket.io-client@4.7.5": {
      "integrity": "sha512-sJ/tqHOCe7Z50JCBCXrsY3I2k03iOiUe+tj1OmKeD2lXPiGH/RUCdTZFoqVyN7l1MnpIzPrGtLcijffmeouNlQ==",
      "dependencies": [
        "@socket.io/component-emitter",
        "debug@4.3.7",
        "engine.io-client",
        "socket.io-parser"
      ]
    },
    "socket.io-parser@4.2.5": {
      "integrity": "sha512-bPMmpy/5WWKHea5Y/jYAP6k74A+hvmRCQaJuJB6I/ML5JZq/KfNieUVo/3Mh7SAqn7TyFdIo6wqYHInG1MU1bQ==",
      "dependencies": [
        "@socket.io/component-emitter",
        "debug@4.4.3"
      ]
    },
    "string-width@4.2.3": {
      "integrity": "sha512-wKyQRQpjJ0sIp62ErSZdGsjMJWsap5oRNihHhu6G7JVO/9jIB6UyevL+tXuOqrng8j/cxKTWyWUwvSTriiZz/g==",
      "dependencies": [
        "emoji-regex",
        "is-fullwidth-code-point",
        "strip-ansi"
      ]
    },
    "strip-ansi@6.0.1": {
      "integrity": "sha512-Y38VPSHcqkFrCpFnQ9vuSXmquuv5oXOKpGeT6aGrr3o3Gc9AlVa6JBfUSOCnbxGGZF+/0ooI7KrPuUSztUdU5A==",
      "dependencies": [
        "ansi-regex"
      ]
    },
    "strip-final-newline@3.0.0": {
      "integrity": "sha512-dOESqjYr96iWYylGObzd39EuNTa5VJxyvVAEm5Jnh7KGo75V43Hk1odPQkNDyXNmUR6k+gEiDVXnjB8HJ3crXw=="
    },
    "supabase@2.72.2": {
      "integrity": "sha512-vnLeNqLGJnuqs4XkE1dYCGF6dSiRV4/BGExUEexUnyEhiR9+VDvTVt1/LM45hFbG4WF2hiVgePu5JDuwcpY8Tg==",
      "dependencies": [
        "bin-links",
        "https-proxy-agent",
        "node-fetch",
        "tar"
      ],
      "scripts": true,
      "bin": true
    },
    "superjson@2.2.6": {
      "integrity": "sha512-H+ue8Zo4vJmV2nRjpx86P35lzwDT3nItnIsocgumgr0hHMQ+ZGq5vrERg9kJBo5AWGmxZDhzDo+WVIJqkB0cGA==",
      "dependencies": [
        "copy-anything"
      ]
    },
    "supports-color@7.2.0": {
      "integrity": "sha512-qpCAvRl9stuOHveKsn7HncJRvv501qIacKzQlO/+Lwxc9+0q2wLyv4Dfvt80/DPn2pqOBsJdDiogXGR9+OvwRw==",
      "dependencies": [
        "has-flag"
      ]
    },
    "supports-hyperlinks@2.3.0": {
      "integrity": "sha512-RpsAZlpWcDwOPQA22aCH4J0t7L8JmAvsCxfOSEwm7cQs3LshN36QaTkwd70DnBOXDWGssw2eUoc8CaRWT0XunA==",
      "dependencies": [
        "has-flag",
        "supports-color"
      ]
    },
    "supports-preserve-symlinks-flag@1.0.0": {
      "integrity": "sha512-ot0WnXS9fgdkgIcePe6RHNk1WA8+muPa6cSjeR3V8K27q9BB1rTE3R1p7Hv0z1ZyAc8s6Vvv8DIyWf681MAt0w=="
    },
    "tar@7.5.2": {
      "integrity": "sha512-7NyxrTE4Anh8km8iEy7o0QYPs+0JKBTj5ZaqHg6B39erLg0qYXN3BijtShwbsNSvQ+LN75+KV+C4QR/f6Gwnpg==",
      "dependencies": [
        "@isaacs/fs-minipass",
        "chownr",
        "minipass",
        "minizlib",
        "yallist"
      ]
    },
    "terminal-link@3.0.0": {
      "integrity": "sha512-flFL3m4wuixmf6IfhFJd1YPiLiMuxEc8uHRM1buzIeZPm22Au2pDqBJQgdo7n1WfPU1ONFGv7YDwpFBmHGF6lg==",
      "dependencies": [
        "ansi-escapes",
        "supports-hyperlinks"
      ]
    },
    "tsafe@1.8.12": {
      "integrity": "sha512-nFRqW0ttu/2o6XTXsHiVZWJBCOaxhVqZLg7dgs3coZNsCMPXPfwz+zPHAQA+70fNnVJLAPg1EgGIqK9Q84tvAw=="
    },
    "tslib@2.8.1": {
      "integrity": "sha512-oJFu94HQb+KVduSUQL7wnpmqnfmLsOA/nAh6b6EH0wCEoK0/mPeXU6c3wKDV83MkOuHPRHtSXKKU99IBazS/2w=="
    },
    "type-fest@1.4.0": {
      "integrity": "sha512-yGSza74xk0UG8k+pLh5oeoYirvIiWo5t0/o3zHHAO2tRDiZcxWP7fywNlXhqb6/r6sWvwi+RsyQMWhVLe4BVuA=="
    },
    "ulid@2.4.0": {
      "integrity": "sha512-fIRiVTJNcSRmXKPZtGzFQv9WRrZ3M9eoptl/teFJvjOzmpU+/K/JH6HZ8deBfb5vMEpicJcLn7JmvdknlMq7Zg==",
      "bin": true
    },
    "undici-types@7.10.0": {
      "integrity": "sha512-t5Fy/nfn+14LuOc2KNYg75vZqClpAiqscVvMygNnlsHBFpSXdJaYtXMcdNLpl/Qvc3P2cB3s6lOV51nqsFq4ag=="
    },
    "uuid@9.0.1": {
      "integrity": "sha512-b+1eJOlsR9K8HJpow9Ok3fiWOWSIcIzXodvv0rQjVoOVNpWMpxf1wZNpt4y9h10odCNrqnYp1OBzRktckBe3sA==",
      "bin": true
    },
    "web-streams-polyfill@3.3.3": {
      "integrity": "sha512-d2JWLCivmZYTSIoge9MsgFCZrt571BikcWGYkjC1khllbTeDlGqZ2D8vD8E/lJa8WGWbb7Plm8/XJYV7IJHZZw=="
    },
    "which@2.0.2": {
      "integrity": "sha512-BLI3Tl1TW3Pvl70l3yq3Y64i+awpwXqsGBYWkkqMtnbXgrMD+yj7rhW0kuEDxzJaYXGjEW5ogapKNMEKNMjibA==",
      "dependencies": [
        "isexe"
      ],
      "bin": true
    },
    "wrap-ansi@7.0.0": {
      "integrity": "sha512-YVGIj2kamLSTxw6NsZjoBxfSwsn0ycdesmc4p+Q21c5zPuZ1pl+NfxVdxPtdHvmNVOQ6XSYG4AUtyt/Fi7D16Q==",
      "dependencies": [
        "ansi-styles",
        "string-width",
        "strip-ansi"
      ]
    },
    "write-file-atomic@7.0.0": {
      "integrity": "sha512-YnlPC6JqnZl6aO4uRc+dx5PHguiR9S6WeoLtpxNT9wIG+BDya7ZNE1q7KOjVgaA73hKhKLpVPgJ5QA9THQ5BRg==",
      "dependencies": [
        "imurmurhash",
        "signal-exit"
      ]
    },
    "ws@8.17.1": {
      "integrity": "sha512-6XQFvXTkbfUOZOKKILFG1PDK2NDQs4azKQl26T0YS5CxqWLgXajbPZ+h4gZekJyRqFU8pvnbAbbs/3TgRPy+GQ=="
    },
    "ws@8.19.0": {
      "integrity": "sha512-blAT2mjOEIi0ZzruJfIhb3nps74PRWTCz1IjglWEEpQl5XS/UNama6u2/rjFkDDouqr4L67ry+1aGIALViWjDg=="
    },
    "xmlhttprequest-ssl@2.0.0": {
      "integrity": "sha512-QKxVRxiRACQcVuQEYFsI1hhkrMlrXHPegbbd1yn9UHOmRxY+si12nQYzri3vbzt8VdTTRviqcKxcyllFas5z2A=="
    },
    "y18n@5.0.8": {
      "integrity": "sha512-0pfFzegeDWJHJIAmTLRP2DwHjdF5s7jo9tuztdQxAhINCdvS+3nGINqPd00AphqJR/0LhANUS6/+7SCb98YOfA=="
    },
    "yallist@5.0.0": {
      "integrity": "sha512-YgvUTfwqyc7UXVMrB+SImsVYSmTS8X/tSrtdNZMImM+n7+QTriRXyXim0mBrTXNeqzVF0KWGgHPeiyViFFrNDw=="
    },
    "yargs-parser@21.1.1": {
      "integrity": "sha512-tVpsJW7DdjecAiFpbIB1e3qxIQsE6NoPc5/eTdrbbIC4h0LVsWhnoa3g+m2HclBIujHzsxZ4VJVA+GUuc2/LBw=="
    },
    "yargs@17.7.2": {
      "integrity": "sha512-7dSzzRQ++CKnNI/krKnYRV7JKKPUXMEh61soaHKg9mrWEhzFWhFnxPxGl+69cD1Ou63C13NUPCnmIcrvqCuM6w==",
      "dependencies": [
        "cliui",
        "escalade",
        "get-caller-file",
        "require-directory",
        "string-width",
        "y18n",
        "yargs-parser"
      ]
    },
    "zod-error@1.5.0": {
      "integrity": "sha512-zzopKZ/skI9iXpqCEPj+iLCKl9b88E43ehcU+sbRoHuwGd9F1IDVGQ70TyO6kmfiRL1g4IXkjsXK+g1gLYl4WQ==",
      "dependencies": [
        "zod@3.25.76"
      ]
    },
    "zod-validation-error@1.5.0_zod@3.22.3": {
      "integrity": "sha512-/7eFkAI4qV0tcxMBB/3+d2c1P6jzzZYdYSlBuAklzMuCrJu5bzJfHS0yVAS87dRHVlhftd6RFJDIvv03JgkSbw==",
      "dependencies": [
        "zod@3.22.3"
      ]
    },
    "zod@3.22.3": {
      "integrity": "sha512-EjIevzuJRiRPbVH4mGc8nApb/lVLKVpmUhAaR5R5doKGfAnGJ6Gr3CViAVjP+4FWSxCsybeWQdcgCtbX+7oZug=="
    },
    "zod@3.25.76": {
      "integrity": "sha512-gzUt/qt81nXsFGKIFcC3YnfEAx5NkunCfnDlvuBSSFS02bcXu4Lmea0AFIUwbLWxWPx3d9p8S5QoaujKcNQxcQ=="
    }
  },
  "remote": {
    "https://deno.land/std@0.160.0/_util/assert.ts": "e94f2eb37cebd7f199952e242c77654e43333c1ac4c5c700e929ea3aa5489f74",
    "https://deno.land/std@0.160.0/_util/os.ts": "8a33345f74990e627b9dfe2de9b040004b08ea5146c7c9e8fe9a29070d193934",
    "https://deno.land/std@0.160.0/async/abortable.ts": "87aa7230be8360c24ad437212311c9e8d4328854baec27b4c7abb26e85515c06",
    "https://deno.land/std@0.160.0/async/deadline.ts": "48ac998d7564969f3e6ec6b6f9bf0217ebd00239b1b2292feba61272d5dd58d0",
    "https://deno.land/std@0.160.0/async/debounce.ts": "dc8b92d4a4fe7eac32c924f2b8d3e62112530db70cadce27042689d82970b350",
    "https://deno.land/std@0.160.0/async/deferred.ts": "d8fb253ffde2a056e4889ef7e90f3928f28be9f9294b6505773d33f136aab4e6",
    "https://deno.land/std@0.160.0/async/delay.ts": "0419dfc993752849692d1f9647edf13407c7facc3509b099381be99ffbc9d699",
    "https://deno.land/std@0.160.0/async/mod.ts": "dd0a8ed4f3984ffabe2fcca7c9f466b7932d57b1864ffee148a5d5388316db6b",
    "https://deno.land/std@0.160.0/async/mux_async_iterator.ts": "3447b28a2a582224a3d4d3596bccbba6e85040da3b97ed64012f7decce98d093",
    "https://deno.land/std@0.160.0/async/pool.ts": "ef9eb97b388543acbf0ac32647121e4dbe629236899586c4d4311a8770fbb239",
    "https://deno.land/std@0.160.0/async/tee.ts": "9af3a3e7612af75861308b52249e167f5ebc3dcfc8a1a4d45462d96606ee2b70",
    "https://deno.land/std@0.160.0/bytes/bytes_list.ts": "aba5e2369e77d426b10af1de0dcc4531acecec27f9b9056f4f7bfbf8ac147ab4",
    "https://deno.land/std@0.160.0/bytes/equals.ts": "3c3558c3ae85526f84510aa2b48ab2ad7bdd899e2e0f5b7a8ffc85acb3a6043a",
    "https://deno.land/std@0.160.0/bytes/mod.ts": "b2e342fd3669176a27a4e15061e9d588b89c1aaf5008ab71766e23669565d179",
    "https://deno.land/std@0.160.0/crypto/_fnv/fnv32.ts": "aa9bddead8c6345087d3abd4ef35fb9655622afc333fc41fff382b36e64280b5",
    "https://deno.land/std@0.160.0/crypto/_fnv/fnv64.ts": "625d7e7505b6cb2e9801b5fd6ed0a89256bac12b2bbb3e4664b85a88b0ec5bef",
    "https://deno.land/std@0.160.0/crypto/_fnv/index.ts": "a8f6a361b4c6d54e5e89c16098f99b6962a1dd6ad1307dbc97fa1ecac5d7060a",
    "https://deno.land/std@0.160.0/crypto/_fnv/util.ts": "4848313bed7f00f55be3cb080aa0583fc007812ba965b03e4009665bde614ce3",
    "https://deno.land/std@0.160.0/crypto/_wasm_crypto/lib/deno_std_wasm_crypto.generated.mjs": "258b484c2da27578bec61c01d4b62c21f72268d928d03c968c4eb590cb3bd830",
    "https://deno.land/std@0.160.0/crypto/_wasm_crypto/mod.ts": "6c60d332716147ded0eece0861780678d51b560f533b27db2e15c64a4ef83665",
    "https://deno.land/std@0.160.0/crypto/keystack.ts": "e481eed28007395e554a435e880fee83a5c73b9259ed8a135a75e4b1e4f381f7",
    "https://deno.land/std@0.160.0/crypto/mod.ts": "fadedc013b4a86fda6305f1adc6d1c02225834d53cff5d95cc05f62b25127517",
    "https://deno.land/std@0.160.0/crypto/timing_safe_equal.ts": "82a29b737bc8932d75d7a20c404136089d5d23629e94ba14efa98a8cc066c73e",
    "https://deno.land/std@0.160.0/datetime/formatter.ts": "7c8e6d16a0950f400aef41b9f1eb9168249869776ec520265dfda785d746589e",
    "https://deno.land/std@0.160.0/datetime/mod.ts": "ea927ca96dfb28c7b9a5eed5bdc7ac46bb9db38038c4922631895cea342fea87",
    "https://deno.land/std@0.160.0/datetime/tokenizer.ts": "7381e28f6ab51cb504c7e132be31773d73ef2f3e1e50a812736962b9df1e8c47",
    "https://deno.land/std@0.160.0/encoding/base64.ts": "c57868ca7fa2fbe919f57f88a623ad34e3d970d675bdc1ff3a9d02bba7409db2",
    "https://deno.land/std@0.160.0/encoding/base64url.ts": "a5f82a9fa703bd85a5eb8e7c1296bc6529e601ebd9642cc2b5eaa6b38fa9e05a",
    "https://deno.land/std@0.160.0/encoding/hex.ts": "4cc5324417cbb4ac9b828453d35aed45b9cc29506fad658f1f138d981ae33795",
    "https://deno.land/std@0.160.0/fmt/colors.ts": "9e36a716611dcd2e4865adea9c4bec916b5c60caad4cdcdc630d4974e6bb8bd4",
    "https://deno.land/std@0.160.0/io/buffer.ts": "fae02290f52301c4e0188670e730cd902f9307fb732d79c4aa14ebdc82497289",
    "https://deno.land/std@0.160.0/path/_constants.ts": "df1db3ffa6dd6d1252cc9617e5d72165cd2483df90e93833e13580687b6083c3",
    "https://deno.land/std@0.160.0/path/_interface.ts": "ee3b431a336b80cf445441109d089b70d87d5e248f4f90ff906820889ecf8d09",
    "https://deno.land/std@0.160.0/path/_util.ts": "d16be2a16e1204b65f9d0dfc54a9bc472cafe5f4a190b3c8471ec2016ccd1677",
    "https://deno.land/std@0.160.0/path/common.ts": "bee563630abd2d97f99d83c96c2fa0cca7cee103e8cb4e7699ec4d5db7bd2633",
    "https://deno.land/std@0.160.0/path/glob.ts": "cb5255638de1048973c3e69e420c77dc04f75755524cb3b2e160fe9277d939ee",
    "https://deno.land/std@0.160.0/path/mod.ts": "56fec03ad0ebd61b6ab39ddb9b0ddb4c4a5c9f2f4f632e09dd37ec9ebfd722ac",
    "https://deno.land/std@0.160.0/path/posix.ts": "6b63de7097e68c8663c84ccedc0fd977656eb134432d818ecd3a4e122638ac24",
    "https://deno.land/std@0.160.0/path/separator.ts": "fe1816cb765a8068afb3e8f13ad272351c85cbc739af56dacfc7d93d710fe0f9",
    "https://deno.land/std@0.160.0/path/win32.ts": "ee8826dce087d31c5c81cd414714e677eb68febc40308de87a2ce4b40e10fb8d",
    "https://deno.land/std@0.160.0/testing/_diff.ts": "a23e7fc2b4d8daa3e158fa06856bedf5334ce2a2831e8bf9e509717f455adb2c",
    "https://deno.land/std@0.160.0/testing/_format.ts": "cd11136e1797791045e639e9f0f4640d5b4166148796cad37e6ef75f7d7f3832",
    "https://deno.land/std@0.160.0/testing/asserts.ts": "1e340c589853e82e0807629ba31a43c84ebdcdeca910c4a9705715dfdb0f5ce8",
    "https://deno.land/x/postgres@v0.17.0/client.ts": "348779c9f6a1c75ef1336db662faf08dce7d2101ff72f0d1e341ba1505c8431d",
    "https://deno.land/x/postgres@v0.17.0/client/error.ts": "0817583b666fd546664ed52c1d37beccc5a9eebcc6e3c2ead20ada99b681e5f7",
    "https://deno.land/x/postgres@v0.17.0/connection/auth.ts": "1070125e2ac4ca4ade36d69a4222d37001903092826d313217987583edd61ce9",
    "https://deno.land/x/postgres@v0.17.0/connection/connection.ts": "428ed3efa055870db505092b5d3545ef743497b7b4b72cf8f0593e7dd4788acd",
    "https://deno.land/x/postgres@v0.17.0/connection/connection_params.ts": "52bfe90e8860f584b95b1b08c254dde97c3aa763c4b6bee0c80c5930e35459e0",
    "https://deno.land/x/postgres@v0.17.0/connection/message.ts": "f9257948b7f87d58bfbfe3fc6e2e08f0de3ef885655904d56a5f73655cc22c5a",
    "https://deno.land/x/postgres@v0.17.0/connection/message_code.ts": "466719008b298770c366c5c63f6cf8285b7f76514dadb4b11e7d9756a8a1ddbf",
    "https://deno.land/x/postgres@v0.17.0/connection/packet.ts": "050aeff1fc13c9349e89451a155ffcd0b1343dc313a51f84439e3e45f64b56c8",
    "https://deno.land/x/postgres@v0.17.0/connection/scram.ts": "0c7a2551fe7b1a1c62dd856b7714731a7e7534ccca10093336782d1bfc5b2bd2",
    "https://deno.land/x/postgres@v0.17.0/deps.ts": "f47ccb41f7f97eaad455d94f407ef97146ae99443dbe782894422c869fbba69e",
    "https://deno.land/x/postgres@v0.17.0/mod.ts": "a1e18fd9e6fedc8bc24e5aeec3ae6de45e2274be1411fb66e9081420c5e81d7d",
    "https://deno.land/x/postgres@v0.17.0/pool.ts": "892db7b5e1787988babecc994a151ebbd7d017f080905cbe9c3d7b44a73032a9",
    "https://deno.land/x/postgres@v0.17.0/query/array_parser.ts": "f8a229d82c3801de8266fa2cc4afe12e94fef8d0c479e73655c86ed3667ef33f",
    "https://deno.land/x/postgres@v0.17.0/query/decode.ts": "44a4a6cbcf494ed91a4fecae38a57dce63a7b519166f02c702791d9717371419",
    "https://deno.land/x/postgres@v0.17.0/query/decoders.ts": "16cb0e60227d86692931e315421b15768c78526e3aeb84e25fcc4111096de9fd",
    "https://deno.land/x/postgres@v0.17.0/query/encode.ts": "5f1418a2932b7c2231556e4a5f5f56efef48728014070cfafe7656963f342933",
    "https://deno.land/x/postgres@v0.17.0/query/oid.ts": "8c33e1325f34e4ca9f11a48b8066c8cfcace5f64bc1eb17ad7247af4936999e1",
    "https://deno.land/x/postgres@v0.17.0/query/query.ts": "edb473cbcfeff2ee1c631272afb25d079d06b66b5853f42492725b03ffa742b6",
    "https://deno.land/x/postgres@v0.17.0/query/transaction.ts": "8e75c3ce0aca97da7fe126e68f8e6c08d640e5c8d2016e62cee5c254bebe7fe8",
    "https://deno.land/x/postgres@v0.17.0/query/types.ts": "a6dc8024867fe7ccb0ba4b4fa403ee5d474c7742174128c8e689c3b5e5eaa933",
    "https://deno.land/x/postgres@v0.17.0/utils/deferred.ts": "dd94f2a57355355c47812b061a51b55263f72d24e9cb3fdb474c7519f4d61083",
    "https://deno.land/x/postgres@v0.17.0/utils/utils.ts": "19c3527ddd5c6c4c49ae36397120274c7f41f9d3cbf479cb36065d23329e9f90"
  },
  "workspace": {
    "dependencies": [
      "npm:kysely-supabase@*"
    ]
  }
}
